<?xml version="1.0" encoding="UTF-8" standalone="yes" ?>
<CodeBlocks_project_file>
	<FileVersion major="1" minor="6" />
	<Project>
		<Option title="bsfs" />
		<Option pch_mode="2" />
		<Option compiler="gcc" />
		<Build>
			<Target title="Debug">
				<Option output="bin/Debug/bsfs" prefix_auto="1" extension_auto="1" />
				<Option object_output="obj/Debug/" />
				<Option type="1" />
				<Option compiler="gcc" />
				<Compiler>
					<Add option="-g" />
					<Add directory="include" />
				</Compiler>
			</Target>
			<Target title="Release">
				<Option output="bin/Release/bsfs" prefix_auto="1" extension_auto="1" />
				<Option object_output="obj/Release/" />
				<Option type="1" />
				<Option compiler="gcc" />
				<Compiler>
					<Add option="-O2" />
					<Add directory="include" />
				</Compiler>
				<Linker>
					<Add option="-s" />
				</Linker>
			</Target>
		</Build>
		<Compiler>
			<Add option="-Wall" />
			<Add option="-fexceptions" />
			<Add option="-lncurses" />
			<Add directory="include" />
			<Add directory="/usr/include" />
		</Compiler>
		<Linker>
			<Add library="/usr/lib/libncurses.so" />
			<Add directory="include" />
			<Add directory="/usr/lib" />
		</Linker>
		<Unit filename="include/BSFSParams.h" />
		<Unit filename="include/CLIController.h" />
		<Unit filename="include/FBController.h" />
		<Unit filename="include/FSController.h" />
		<Unit filename="include/Line.h" />
		<Unit filename="include/MBR.h" />
		<Unit filename="include/PIController.h" />
		<Unit filename="include/Process.h" />
		<Unit filename="include/SFD.h" />
		<Unit filename="include/SuperBlock.h" />
		<Unit filename="include/User.h" />
		<Unit filename="include/UserController.h" />
		<Unit filename="include/VHDController.h" />
		<Unit filename="include/iNode.h" />
		<Unit filename="include/iNodeMem.h" />
		<Unit filename="include/test.h" />
		<Unit filename="main.cpp" />
		<Unit filename="src/CLIController.cpp" />
		<Unit filename="src/FBController.cpp" />
		<Unit filename="src/FSController.cpp" />
		<Unit filename="src/PIController.cpp" />
		<Unit filename="src/UserController.cpp" />
		<Unit filename="src/VHDController.cpp" />
		<Unit filename="src/test.cpp" />
		<Extensions>
			<code_completion />
			<envvars />
			<debugger />
			<lib_finder disable_auto="1" />
		</Extensions>
	</Project>
</CodeBlocks_project_file>
